
Microsoft Visual Studio Solution File, Format Version 12.00
# Visual Studio Version 17
VisualStudioVersion = 17.1.32421.90
MinimumVisualStudioVersion = 10.0.40219.1
Project("{FAE04EC0-301F-11D3-BF4B-00C04F79EFBC}") = "ExerciciosTabuada", "ExerciciosTabuada\ExerciciosTabuada.csproj", "{5EA40119-6331-4F54-930D-5F47697DF9E2}"
EndProject
Global
	GlobalSection(SolutionConfigurationPlatforms) = preSolution
		Debug|Any CPU = Debug|Any CPU
		Release|Any CPU = Release|Any CPU
	EndGlobalSection
	GlobalSection(ProjectConfigurationPlatforms) = postSolution
		{5EA40119-6331-4F54-930D-5F47697DF9E2}.Debug|Any CPU.ActiveCfg = Debug|Any CPU
		{5EA40119-6331-4F54-930D-5F47697DF9E2}.Debug|Any CPU.Build.0 = Debug|Any CPU
		{5EA40119-6331-4F54-930D-5F47697DF9E2}.Release|Any CPU.ActiveCfg = Release|Any CPU
		{5EA40119-6331-4F54-930D-5F47697DF9E2}.Release|Any CPU.Build.0 = Release|Any CPU
	EndGlobalSection
	GlobalSection(SolutionProperties) = preSolution
		HideSolutionNode = FALSE
	EndGlobalSection
	GlobalSection(ExtensibilityGlobals) = postSolution
		SolutionGuid = {94015222-4972-45DC-AC04-FAD69EC6E0D7}
	EndGlobalSection
EndGlobal
